
Microsoft Visual Studio Solution File, Format Version 12.00
# Visual Studio 15
Project("{FAE04EC0-301F-11D3-BF4B-00C04F79EFBC}") = "first_website_heroku", "first_website_heroku\first_website_heroku.csproj", "{C8189FA2-2851-47BB-8852-D88C3465603C}"
EndProject
Global
	GlobalSection(SolutionConfigurationPlatforms) = preSolution
		Debug|Any CPU = Debug|Any CPU
		Release|Any CPU = Release|Any CPU
	EndGlobalSection
	GlobalSection(ProjectConfigurationPlatforms) = postSolution
		{C8189FA2-2851-47BB-8852-D88C3465603C}.Debug|Any CPU.ActiveCfg = Debug|Any CPU
		{C8189FA2-2851-47BB-8852-D88C3465603C}.Debug|Any CPU.Build.0 = Debug|Any CPU
		{C8189FA2-2851-47BB-8852-D88C3465603C}.Release|Any CPU.ActiveCfg = Release|Any CPU
		{C8189FA2-2851-47BB-8852-D88C3465603C}.Release|Any CPU.Build.0 = Release|Any CPU
	EndGlobalSection
EndGlobal
